
Microsoft Visual Studio Solution File, Format Version 12.00
# Visual Studio Version 17
VisualStudioVersion = 17.6.33723.286
MinimumVisualStudioVersion = 10.0.40219.1
Project("{FAE04EC0-301F-11D3-BF4B-00C04F79EFBC}") = "ConsumoAPI", "ConsumoAPI\ConsumoAPI.csproj", "{8928C2BB-F8CC-4B24-A4AD-9DBB9473C7F5}"
EndProject
Global
	GlobalSection(SolutionConfigurationPlatforms) = preSolution
		Debug|Any CPU = Debug|Any CPU
		Release|Any CPU = Release|Any CPU
	EndGlobalSection
	GlobalSection(ProjectConfigurationPlatforms) = postSolution
		{8928C2BB-F8CC-4B24-A4AD-9DBB9473C7F5}.Debug|Any CPU.ActiveCfg = Debug|Any CPU
		{8928C2BB-F8CC-4B24-A4AD-9DBB9473C7F5}.Debug|Any CPU.Build.0 = Debug|Any CPU
		{8928C2BB-F8CC-4B24-A4AD-9DBB9473C7F5}.Release|Any CPU.ActiveCfg = Release|Any CPU
		{8928C2BB-F8CC-4B24-A4AD-9DBB9473C7F5}.Release|Any CPU.Build.0 = Release|Any CPU
	EndGlobalSection
	GlobalSection(SolutionProperties) = preSolution
		HideSolutionNode = FALSE
	EndGlobalSection
	GlobalSection(ExtensibilityGlobals) = postSolution
		SolutionGuid = {9978AA7B-C21E-4197-B37A-E26CD543310B}
	EndGlobalSection
EndGlobal
